
Microsoft Visual Studio Solution File, Format Version 12.00
# Visual Studio Version 17
VisualStudioVersion = 17.2.32616.157
MinimumVisualStudioVersion = 10.0.40219.1
Project("{FAE04EC0-301F-11D3-BF4B-00C04F79EFBC}") = "HousingApp", "HousingApp\HousingApp.csproj", "{81314F0F-2AFC-4148-8CF6-53B4ACEB6AA6}"
EndProject
Global
	GlobalSection(SolutionConfigurationPlatforms) = preSolution
		Debug|Any CPU = Debug|Any CPU
		Release|Any CPU = Release|Any CPU
	EndGlobalSection
	GlobalSection(ProjectConfigurationPlatforms) = postSolution
		{81314F0F-2AFC-4148-8CF6-53B4ACEB6AA6}.Debug|Any CPU.ActiveCfg = Debug|Any CPU
		{81314F0F-2AFC-4148-8CF6-53B4ACEB6AA6}.Debug|Any CPU.Build.0 = Debug|Any CPU
		{81314F0F-2AFC-4148-8CF6-53B4ACEB6AA6}.Release|Any CPU.ActiveCfg = Release|Any CPU
		{81314F0F-2AFC-4148-8CF6-53B4ACEB6AA6}.Release|Any CPU.Build.0 = Release|Any CPU
	EndGlobalSection
	GlobalSection(SolutionProperties) = preSolution
		HideSolutionNode = FALSE
	EndGlobalSection
	GlobalSection(ExtensibilityGlobals) = postSolution
		SolutionGuid = {885FBA93-9E48-44D7-94D6-056429C7C1F3}
	EndGlobalSection
EndGlobal
